
Microsoft Visual Studio Solution File, Format Version 12.00
# Visual Studio Version 16
VisualStudioVersion = 16.0.31005.135
MinimumVisualStudioVersion = 10.0.40219.1
Project("{FAE04EC0-301F-11D3-BF4B-00C04F79EFBC}") = "ProgramContaDeBanco", "ProgramContaDeBanco\ProgramContaDeBanco.csproj", "{F2CCBB97-EAFD-4434-8FAA-A363B40FACDE}"
EndProject
Global
	GlobalSection(SolutionConfigurationPlatforms) = preSolution
		Debug|Any CPU = Debug|Any CPU
		Release|Any CPU = Release|Any CPU
	EndGlobalSection
	GlobalSection(ProjectConfigurationPlatforms) = postSolution
		{F2CCBB97-EAFD-4434-8FAA-A363B40FACDE}.Debug|Any CPU.ActiveCfg = Debug|Any CPU
		{F2CCBB97-EAFD-4434-8FAA-A363B40FACDE}.Debug|Any CPU.Build.0 = Debug|Any CPU
		{F2CCBB97-EAFD-4434-8FAA-A363B40FACDE}.Release|Any CPU.ActiveCfg = Release|Any CPU
		{F2CCBB97-EAFD-4434-8FAA-A363B40FACDE}.Release|Any CPU.Build.0 = Release|Any CPU
	EndGlobalSection
	GlobalSection(SolutionProperties) = preSolution
		HideSolutionNode = FALSE
	EndGlobalSection
	GlobalSection(ExtensibilityGlobals) = postSolution
		SolutionGuid = {50846A05-95D1-4B8F-934E-E1D526DA308D}
	EndGlobalSection
EndGlobal
